// !$*UTF8*$!
{
	archiveVersion = 1;
	classes = {
	};
	objectVersion = 56;
	objects = {

/* Begin PBXBuildFile section */
		18825D6B2C181ED500904662 /* OpenMeteoSdk in Frameworks */ = {isa = PBXBuildFile; productRef = 18825D6A2C181ED500904662 /* OpenMeteoSdk */; };
		18825DAE2C18296C00904662 /* WeatherService.swift in Sources */ = {isa = PBXBuildFile; fileRef = 18825DAD2C18296B00904662 /* WeatherService.swift */; };
		18825DB02C1829BA00904662 /* WeatherModel.swift in Sources */ = {isa = PBXBuildFile; fileRef = 18825DAF2C1829BA00904662 /* WeatherModel.swift */; };
		18825DB22C182A3500904662 /* WeatherViewModel.swift in Sources */ = {isa = PBXBuildFile; fileRef = 18825DB12C182A3500904662 /* WeatherViewModel.swift */; };
		18825DB52C185C2A00904662 /* Extensions.swift in Sources */ = {isa = PBXBuildFile; fileRef = 18825DB42C185C2A00904662 /* Extensions.swift */; };
		18B182902C174A490050FC23 /* WeatherAppApp.swift in Sources */ = {isa = PBXBuildFile; fileRef = 18B1828F2C174A490050FC23 /* WeatherAppApp.swift */; };
		18B182922C174A490050FC23 /* WeatherAppView.swift in Sources */ = {isa = PBXBuildFile; fileRef = 18B182912C174A490050FC23 /* WeatherAppView.swift */; };
		18B182942C174A4C0050FC23 /* Assets.xcassets in Resources */ = {isa = PBXBuildFile; fileRef = 18B182932C174A4C0050FC23 /* Assets.xcassets */; };
		18B182972C174A4C0050FC23 /* Preview Assets.xcassets in Resources */ = {isa = PBXBuildFile; fileRef = 18B182962C174A4C0050FC23 /* Preview Assets.xcassets */; };
		18B182A12C174A4C0050FC23 /* WeatherAppTests.swift in Sources */ = {isa = PBXBuildFile; fileRef = 18B182A02C174A4C0050FC23 /* WeatherAppTests.swift */; };
		18B182AB2C174A4C0050FC23 /* WeatherAppUITests.swift in Sources */ = {isa = PBXBuildFile; fileRef = 18B182AA2C174A4C0050FC23 /* WeatherAppUITests.swift */; };
		18B182AD2C174A4C0050FC23 /* WeatherAppUITestsLaunchTests.swift in Sources */ = {isa = PBXBuildFile; fileRef = 18B182AC2C174A4C0050FC23 /* WeatherAppUITestsLaunchTests.swift */; };
/* End PBXBuildFile section */

/* Begin PBXContainerItemProxy section */
		18B1829D2C174A4C0050FC23 /* PBXContainerItemProxy */ = {
			isa = PBXContainerItemProxy;
			containerPortal = 18B182842C174A490050FC23 /* Project object */;
			proxyType = 1;
			remoteGlobalIDString = 18B1828B2C174A490050FC23;
			remoteInfo = WeatherApp;
		};
		18B182A72C174A4C0050FC23 /* PBXContainerItemProxy */ = {
			isa = PBXContainerItemProxy;
			containerPortal = 18B182842C174A490050FC23 /* Project object */;
			proxyType = 1;
			remoteGlobalIDString = 18B1828B2C174A490050FC23;
			remoteInfo = WeatherApp;
		};
/* End PBXContainerItemProxy section */

/* Begin PBXFileReference section */
		18825DAD2C18296B00904662 /* WeatherService.swift */ = {isa = PBXFileReference; fileEncoding = 4; lastKnownFileType = sourcecode.swift; path = WeatherService.swift; sourceTree = "<group>"; };
		18825DAF2C1829BA00904662 /* WeatherModel.swift */ = {isa = PBXFileReference; fileEncoding = 4; lastKnownFileType = sourcecode.swift; path = WeatherModel.swift; sourceTree = "<group>"; };
		18825DB12C182A3500904662 /* WeatherViewModel.swift */ = {isa = PBXFileReference; fileEncoding = 4; lastKnownFileType = sourcecode.swift; path = WeatherViewModel.swift; sourceTree = "<group>"; };
		18825DB42C185C2A00904662 /* Extensions.swift */ = {isa = PBXFileReference; lastKnownFileType = sourcecode.swift; path = Extensions.swift; sourceTree = "<group>"; };
		18B1828C2C174A490050FC23 /* WeatherApp.app */ = {isa = PBXFileReference; explicitFileType = wrapper.application; includeInIndex = 0; path = WeatherApp.app; sourceTree = BUILT_PRODUCTS_DIR; };
		18B1828F2C174A490050FC23 /* WeatherAppApp.swift */ = {isa = PBXFileReference; lastKnownFileType = sourcecode.swift; path = WeatherAppApp.swift; sourceTree = "<group>"; };
		18B182912C174A490050FC23 /* WeatherAppView.swift */ = {isa = PBXFileReference; lastKnownFileType = sourcecode.swift; path = WeatherAppView.swift; sourceTree = "<group>"; };
		18B182932C174A4C0050FC23 /* Assets.xcassets */ = {isa = PBXFileReference; lastKnownFileType = folder.assetcatalog; path = Assets.xcassets; sourceTree = "<group>"; };
		18B182962C174A4C0050FC23 /* Preview Assets.xcassets */ = {isa = PBXFileReference; lastKnownFileType = folder.assetcatalog; path = "Preview Assets.xcassets"; sourceTree = "<group>"; };
		18B1829C2C174A4C0050FC23 /* WeatherAppTests.xctest */ = {isa = PBXFileReference; explicitFileType = wrapper.cfbundle; includeInIndex = 0; path = WeatherAppTests.xctest; sourceTree = BUILT_PRODUCTS_DIR; };
		18B182A02C174A4C0050FC23 /* WeatherAppTests.swift */ = {isa = PBXFileReference; lastKnownFileType = sourcecode.swift; path = WeatherAppTests.swift; sourceTree = "<group>"; };
		18B182A62C174A4C0050FC23 /* WeatherAppUITests.xctest */ = {isa = PBXFileReference; explicitFileType = wrapper.cfbundle; includeInIndex = 0; path = WeatherAppUITests.xctest; sourceTree = BUILT_PRODUCTS_DIR; };
		18B182AA2C174A4C0050FC23 /* WeatherAppUITests.swift */ = {isa = PBXFileReference; lastKnownFileType = sourcecode.swift; path = WeatherAppUITests.swift; sourceTree = "<group>"; };
		18B182AC2C174A4C0050FC23 /* WeatherAppUITestsLaunchTests.swift */ = {isa = PBXFileReference; lastKnownFileType = sourcecode.swift; path = WeatherAppUITestsLaunchTests.swift; sourceTree = "<group>"; };
/* End PBXFileReference section */

/* Begin PBXFrameworksBuildPhase section */
		18B182892C174A490050FC23 /* Frameworks */ = {
			isa = PBXFrameworksBuildPhase;
			buildActionMask = 2147483647;
			files = (
				18825D6B2C181ED500904662 /* OpenMeteoSdk in Frameworks */,
			);
			runOnlyForDeploymentPostprocessing = 0;
		};
		18B182992C174A4C0050FC23 /* Frameworks */ = {
			isa = PBXFrameworksBuildPhase;
			buildActionMask = 2147483647;
			files = (
			);
			runOnlyForDeploymentPostprocessing = 0;
		};
		18B182A32C174A4C0050FC23 /* Frameworks */ = {
			isa = PBXFrameworksBuildPhase;
			buildActionMask = 2147483647;
			files = (
			);
			runOnlyForDeploymentPostprocessing = 0;
		};
/* End PBXFrameworksBuildPhase section */

/* Begin PBXGroup section */
		18825D622C18175300904662 /* View Model */ = {
			isa = PBXGroup;
			children = (
				18825DB12C182A3500904662 /* WeatherViewModel.swift */,
			);
			path = "View Model";
			sourceTree = "<group>";
		};
		18825D632C18175700904662 /* View */ = {
			isa = PBXGroup;
			children = (
				18B182912C174A490050FC23 /* WeatherAppView.swift */,
			);
			path = View;
			sourceTree = "<group>";
		};
		18825D652C18176000904662 /* Model */ = {
			isa = PBXGroup;
			children = (
				18825DAF2C1829BA00904662 /* WeatherModel.swift */,
			);
			path = Model;
			sourceTree = "<group>";
		};
		18825DAC2C18296B00904662 /* Services */ = {
			isa = PBXGroup;
			children = (
				18825DAD2C18296B00904662 /* WeatherService.swift */,
			);
			path = Services;
			sourceTree = "<group>";
		};
		18825DB32C185C1900904662 /* Extensions */ = {
			isa = PBXGroup;
			children = (
				18825DB42C185C2A00904662 /* Extensions.swift */,
			);
			path = Extensions;
			sourceTree = "<group>";
		};
		18B182832C174A490050FC23 = {
			isa = PBXGroup;
			children = (
				18B1828E2C174A490050FC23 /* WeatherApp */,
				18B1829F2C174A4C0050FC23 /* WeatherAppTests */,
				18B182A92C174A4C0050FC23 /* WeatherAppUITests */,
				18B1828D2C174A490050FC23 /* Products */,
			);
			sourceTree = "<group>";
		};
		18B1828D2C174A490050FC23 /* Products */ = {
			isa = PBXGroup;
			children = (
				18B1828C2C174A490050FC23 /* WeatherApp.app */,
				18B1829C2C174A4C0050FC23 /* WeatherAppTests.xctest */,
				18B182A62C174A4C0050FC23 /* WeatherAppUITests.xctest */,
			);
			name = Products;
			sourceTree = "<group>";
		};
		18B1828E2C174A490050FC23 /* WeatherApp */ = {
			isa = PBXGroup;
			children = (
				18825DB32C185C1900904662 /* Extensions */,
				18B182932C174A4C0050FC23 /* Assets.xcassets */,
				18B1828F2C174A490050FC23 /* WeatherAppApp.swift */,
				18825DAC2C18296B00904662 /* Services */,
				18825D652C18176000904662 /* Model */,
				18825D632C18175700904662 /* View */,
				18825D622C18175300904662 /* View Model */,
				18B182952C174A4C0050FC23 /* Preview Content */,
			);
			path = WeatherApp;
			sourceTree = "<group>";
		};
		18B182952C174A4C0050FC23 /* Preview Content */ = {
			isa = PBXGroup;
			children = (
				18B182962C174A4C0050FC23 /* Preview Assets.xcassets */,
			);
			path = "Preview Content";
			sourceTree = "<group>";
		};
		18B1829F2C174A4C0050FC23 /* WeatherAppTests */ = {
			isa = PBXGroup;
			children = (
				18B182A02C174A4C0050FC23 /* WeatherAppTests.swift */,
			);
			path = WeatherAppTests;
			sourceTree = "<group>";
		};
		18B182A92C174A4C0050FC23 /* WeatherAppUITests */ = {
			isa = PBXGroup;
			children = (
				18B182AA2C174A4C0050FC23 /* WeatherAppUITests.swift */,
				18B182AC2C174A4C0050FC23 /* WeatherAppUITestsLaunchTests.swift */,
			);
			path = WeatherAppUITests;
			sourceTree = "<group>";
		};
/* End PBXGroup section */

/* Begin PBXNativeTarget section */
		18B1828B2C174A490050FC23 /* WeatherApp */ = {
			isa = PBXNativeTarget;
			buildConfigurationList = 18B182B02C174A4C0050FC23 /* Build configuration list for PBXNativeTarget "WeatherApp" */;
			buildPhases = (
				18B182882C174A490050FC23 /* Sources */,
				18B182892C174A490050FC23 /* Frameworks */,
				18B1828A2C174A490050FC23 /* Resources */,
			);
			buildRules = (
			);
			dependencies = (
			);
			name = WeatherApp;
			packageProductDependencies = (
				18825D6A2C181ED500904662 /* OpenMeteoSdk */,
			);
			productName = WeatherApp;
			productReference = 18B1828C2C174A490050FC23 /* WeatherApp.app */;
			productType = "com.apple.product-type.application";
		};
		18B1829B2C174A4C0050FC23 /* WeatherAppTests */ = {
			isa = PBXNativeTarget;
			buildConfigurationList = 18B182B32C174A4C0050FC23 /* Build configuration list for PBXNativeTarget "WeatherAppTests" */;
			buildPhases = (
				18B182982C174A4C0050FC23 /* Sources */,
				18B182992C174A4C0050FC23 /* Frameworks */,
				18B1829A2C174A4C0050FC23 /* Resources */,
			);
			buildRules = (
			);
			dependencies = (
				18B1829E2C174A4C0050FC23 /* PBXTargetDependency */,
			);
			name = WeatherAppTests;
			productName = WeatherAppTests;
			productReference = 18B1829C2C174A4C0050FC23 /* WeatherAppTests.xctest */;
			productType = "com.apple.product-type.bundle.unit-test";
		};
		18B182A52C174A4C0050FC23 /* WeatherAppUITests */ = {
			isa = PBXNativeTarget;
			buildConfigurationList = 18B182B62C174A4C0050FC23 /* Build configuration list for PBXNativeTarget "WeatherAppUITests" */;
			buildPhases = (
				18B182A22C174A4C0050FC23 /* Sources */,
				18B182A32C174A4C0050FC23 /* Frameworks */,
				18B182A42C174A4C0050FC23 /* Resources */,
			);
			buildRules = (
			);
			dependencies = (
				18B182A82C174A4C0050FC23 /* PBXTargetDependency */,
			);
			name = WeatherAppUITests;
			productName = WeatherAppUITests;
			productReference = 18B182A62C174A4C0050FC23 /* WeatherAppUITests.xctest */;
			productType = "com.apple.product-type.bundle.ui-testing";
		};
/* End PBXNativeTarget section */

/* Begin PBXProject section */
		18B182842C174A490050FC23 /* Project object */ = {
			isa = PBXProject;
			attributes = {
				BuildIndependentTargetsInParallel = 1;
				LastSwiftUpdateCheck = 1500;
				LastUpgradeCheck = 1500;
				TargetAttributes = {
					18B1828B2C174A490050FC23 = {
						CreatedOnToolsVersion = 15.0.1;
					};
					18B1829B2C174A4C0050FC23 = {
						CreatedOnToolsVersion = 15.0.1;
						TestTargetID = 18B1828B2C174A490050FC23;
					};
					18B182A52C174A4C0050FC23 = {
						CreatedOnToolsVersion = 15.0.1;
						TestTargetID = 18B1828B2C174A490050FC23;
					};
				};
			};
			buildConfigurationList = 18B182872C174A490050FC23 /* Build configuration list for PBXProject "WeatherApp" */;
			compatibilityVersion = "Xcode 14.0";
			developmentRegion = en;
			hasScannedForEncodings = 0;
			knownRegions = (
				en,
				Base,
			);
			mainGroup = 18B182832C174A490050FC23;
			packageReferences = (
				18825D692C181ED500904662 /* XCRemoteSwiftPackageReference "sdk" */,
			);
			productRefGroup = 18B1828D2C174A490050FC23 /* Products */;
			projectDirPath = "";
			projectRoot = "";
			targets = (
				18B1828B2C174A490050FC23 /* WeatherApp */,
				18B1829B2C174A4C0050FC23 /* WeatherAppTests */,
				18B182A52C174A4C0050FC23 /* WeatherAppUITests */,
			);
		};
/* End PBXProject section */

/* Begin PBXResourcesBuildPhase section */
		18B1828A2C174A490050FC23 /* Resources */ = {
			isa = PBXResourcesBuildPhase;
			buildActionMask = 2147483647;
			files = (
				18B182972C174A4C0050FC23 /* Preview Assets.xcassets in Resources */,
				18B182942C174A4C0050FC23 /* Assets.xcassets in Resources */,
			);
			runOnlyForDeploymentPostprocessing = 0;
		};
		18B1829A2C174A4C0050FC23 /* Resources */ = {
			isa = PBXResourcesBuildPhase;
			buildActionMask = 2147483647;
			files = (
			);
			runOnlyForDeploymentPostprocessing = 0;
		};
		18B182A42C174A4C0050FC23 /* Resources */ = {
			isa = PBXResourcesBuildPhase;
			buildActionMask = 2147483647;
			files = (
			);
			runOnlyForDeploymentPostprocessing = 0;
		};
/* End PBXResourcesBuildPhase section */

/* Begin PBXSourcesBuildPhase section */
		18B182882C174A490050FC23 /* Sources */ = {
			isa = PBXSourcesBuildPhase;
			buildActionMask = 2147483647;
			files = (
				18825DB22C182A3500904662 /* WeatherViewModel.swift in Sources */,
				18825DB52C185C2A00904662 /* Extensions.swift in Sources */,
				18B182922C174A490050FC23 /* WeatherAppView.swift in Sources */,
				18825DAE2C18296C00904662 /* WeatherService.swift in Sources */,
				18825DB02C1829BA00904662 /* WeatherModel.swift in Sources */,
				18B182902C174A490050FC23 /* WeatherAppApp.swift in Sources */,
			);
			runOnlyForDeploymentPostprocessing = 0;
		};
		18B182982C174A4C0050FC23 /* Sources */ = {
			isa = PBXSourcesBuildPhase;
			buildActionMask = 2147483647;
			files = (
				18B182A12C174A4C0050FC23 /* WeatherAppTests.swift in Sources */,
			);
			runOnlyForDeploymentPostprocessing = 0;
		};
		18B182A22C174A4C0050FC23 /* Sources */ = {
			isa = PBXSourcesBuildPhase;
			buildActionMask = 2147483647;
			files = (
				18B182AB2C174A4C0050FC23 /* WeatherAppUITests.swift in Sources */,
				18B182AD2C174A4C0050FC23 /* WeatherAppUITestsLaunchTests.swift in Sources */,
			);
			runOnlyForDeploymentPostprocessing = 0;
		};
/* End PBXSourcesBuildPhase section */

/* Begin PBXTargetDependency section */
		18B1829E2C174A4C0050FC23 /* PBXTargetDependency */ = {
			isa = PBXTargetDependency;
			target = 18B1828B2C174A490050FC23 /* WeatherApp */;
			targetProxy = 18B1829D2C174A4C0050FC23 /* PBXContainerItemProxy */;
		};
		18B182A82C174A4C0050FC23 /* PBXTargetDependency */ = {
			isa = PBXTargetDependency;
			target = 18B1828B2C174A490050FC23 /* WeatherApp */;
			targetProxy = 18B182A72C174A4C0050FC23 /* PBXContainerItemProxy */;
		};
/* End PBXTargetDependency section */

/* Begin XCBuildConfiguration section */
		18B182AE2C174A4C0050FC23 /* Debug */ = {
			isa = XCBuildConfiguration;
			buildSettings = {
				ALWAYS_SEARCH_USER_PATHS = NO;
				ASSETCATALOG_COMPILER_GENERATE_SWIFT_ASSET_SYMBOL_EXTENSIONS = YES;
				CLANG_ANALYZER_NONNULL = YES;
				CLANG_ANALYZER_NUMBER_OBJECT_CONVERSION = YES_AGGRESSIVE;
				CLANG_CXX_LANGUAGE_STANDARD = "gnu++20";
				CLANG_ENABLE_MODULES = YES;
				CLANG_ENABLE_OBJC_ARC = YES;
				CLANG_ENABLE_OBJC_WEAK = YES;
				CLANG_WARN_BLOCK_CAPTURE_AUTORELEASING = YES;
				CLANG_WARN_BOOL_CONVERSION = YES;
				CLANG_WARN_COMMA = YES;
				CLANG_WARN_CONSTANT_CONVERSION = YES;
				CLANG_WARN_DEPRECATED_OBJC_IMPLEMENTATIONS = YES;
				CLANG_WARN_DIRECT_OBJC_ISA_USAGE = YES_ERROR;
				CLANG_WARN_DOCUMENTATION_COMMENTS = YES;
				CLANG_WARN_EMPTY_BODY = YES;
				CLANG_WARN_ENUM_CONVERSION = YES;
				CLANG_WARN_INFINITE_RECURSION = YES;
				CLANG_WARN_INT_CONVERSION = YES;
				CLANG_WARN_NON_LITERAL_NULL_CONVERSION = YES;
				CLANG_WARN_OBJC_IMPLICIT_RETAIN_SELF = YES;
				CLANG_WARN_OBJC_LITERAL_CONVERSION = YES;
				CLANG_WARN_OBJC_ROOT_CLASS = YES_ERROR;
				CLANG_WARN_QUOTED_INCLUDE_IN_FRAMEWORK_HEADER = YES;
				CLANG_WARN_RANGE_LOOP_ANALYSIS = YES;
				CLANG_WARN_STRICT_PROTOTYPES = YES;
				CLANG_WARN_SUSPICIOUS_MOVE = YES;
				CLANG_WARN_UNGUARDED_AVAILABILITY = YES_AGGRESSIVE;
				CLANG_WARN_UNREACHABLE_CODE = YES;
				CLANG_WARN__DUPLICATE_METHOD_MATCH = YES;
				COPY_PHASE_STRIP = NO;
				DEBUG_INFORMATION_FORMAT = dwarf;
				ENABLE_STRICT_OBJC_MSGSEND = YES;
				ENABLE_TESTABILITY = YES;
				ENABLE_USER_SCRIPT_SANDBOXING = YES;
				GCC_C_LANGUAGE_STANDARD = gnu17;
				GCC_DYNAMIC_NO_PIC = NO;
				GCC_NO_COMMON_BLOCKS = YES;
				GCC_OPTIMIZATION_LEVEL = 0;
				GCC_PREPROCESSOR_DEFINITIONS = (
					"DEBUG=1",
					"$(inherited)",
				);
				GCC_WARN_64_TO_32_BIT_CONVERSION = YES;
				GCC_WARN_ABOUT_RETURN_TYPE = YES_ERROR;
				GCC_WARN_UNDECLARED_SELECTOR = YES;
				GCC_WARN_UNINITIALIZED_AUTOS = YES_AGGRESSIVE;
				GCC_WARN_UNUSED_FUNCTION = YES;
				GCC_WARN_UNUSED_VARIABLE = YES;
				IPHONEOS_DEPLOYMENT_TARGET = 17.0;
				LOCALIZATION_PREFERS_STRING_CATALOGS = YES;
				MTL_ENABLE_DEBUG_INFO = INCLUDE_SOURCE;
				MTL_FAST_MATH = YES;
				ONLY_ACTIVE_ARCH = YES;
				SDKROOT = iphoneos;
				SWIFT_ACTIVE_COMPILATION_CONDITIONS = "DEBUG $(inherited)";
				SWIFT_OPTIMIZATION_LEVEL = "-Onone";
			};
			name = Debug;
		};
		18B182AF2C174A4C0050FC23 /* Release */ = {
			isa = XCBuildConfiguration;
			buildSettings = {
				ALWAYS_SEARCH_USER_PATHS = NO;
				ASSETCATALOG_COMPILER_GENERATE_SWIFT_ASSET_SYMBOL_EXTENSIONS = YES;
				CLANG_ANALYZER_NONNULL = YES;
				CLANG_ANALYZER_NUMBER_OBJECT_CONVERSION = YES_AGGRESSIVE;
				CLANG_CXX_LANGUAGE_STANDARD = "gnu++20";
				CLANG_ENABLE_MODULES = YES;
				CLANG_ENABLE_OBJC_ARC = YES;
				CLANG_ENABLE_OBJC_WEAK = YES;
				CLANG_WARN_BLOCK_CAPTURE_AUTORELEASING = YES;
				CLANG_WARN_BOOL_CONVERSION = YES;
				CLANG_WARN_COMMA = YES;
				CLANG_WARN_CONSTANT_CONVERSION = YES;
				CLANG_WARN_DEPRECATED_OBJC_IMPLEMENTATIONS = YES;
				CLANG_WARN_DIRECT_OBJC_ISA_USAGE = YES_ERROR;
				CLANG_WARN_DOCUMENTATION_COMMENTS = YES;
				CLANG_WARN_EMPTY_BODY = YES;
				CLANG_WARN_ENUM_CONVERSION = YES;
				CLANG_WARN_INFINITE_RECURSION = YES;
				CLANG_WARN_INT_CONVERSION = YES;
				CLANG_WARN_NON_LITERAL_NULL_CONVERSION = YES;
				CLANG_WARN_OBJC_IMPLICIT_RETAIN_SELF = YES;
				CLANG_WARN_OBJC_LITERAL_CONVERSION = YES;
				CLANG_WARN_OBJC_ROOT_CLASS = YES_ERROR;
				CLANG_WARN_QUOTED_INCLUDE_IN_FRAMEWORK_HEADER = YES;
				CLANG_WARN_RANGE_LOOP_ANALYSIS = YES;
				CLANG_WARN_STRICT_PROTOTYPES = YES;
				CLANG_WARN_SUSPICIOUS_MOVE = YES;
				CLANG_WARN_UNGUARDED_AVAILABILITY = YES_AGGRESSIVE;
				CLANG_WARN_UNREACHABLE_CODE = YES;
				CLANG_WARN__DUPLICATE_METHOD_MATCH = YES;
				COPY_PHASE_STRIP = NO;
				DEBUG_INFORMATION_FORMAT = "dwarf-with-dsym";
				ENABLE_NS_ASSERTIONS = NO;
				ENABLE_STRICT_OBJC_MSGSEND = YES;
				ENABLE_USER_SCRIPT_SANDBOXING = YES;
				GCC_C_LANGUAGE_STANDARD = gnu17;
				GCC_NO_COMMON_BLOCKS = YES;
				GCC_WARN_64_TO_32_BIT_CONVERSION = YES;
				GCC_WARN_ABOUT_RETURN_TYPE = YES_ERROR;
				GCC_WARN_UNDECLARED_SELECTOR = YES;
				GCC_WARN_UNINITIALIZED_AUTOS = YES_AGGRESSIVE;
				GCC_WARN_UNUSED_FUNCTION = YES;
				GCC_WARN_UNUSED_VARIABLE = YES;
				IPHONEOS_DEPLOYMENT_TARGET = 17.0;
				LOCALIZATION_PREFERS_STRING_CATALOGS = YES;
				MTL_ENABLE_DEBUG_INFO = NO;
				MTL_FAST_MATH = YES;
				SDKROOT = iphoneos;
				SWIFT_COMPILATION_MODE = wholemodule;
				VALIDATE_PRODUCT = YES;
			};
			name = Release;
		};
		18B182B12C174A4C0050FC23 /* Debug */ = {
			isa = XCBuildConfiguration;
			buildSettings = {
				ASSETCATALOG_COMPILER_APPICON_NAME = AppIcon;
				ASSETCATALOG_COMPILER_GLOBAL_ACCENT_COLOR_NAME = AccentColor;
				CODE_SIGN_STYLE = Automatic;
				CURRENT_PROJECT_VERSION = 1;
				DEVELOPMENT_ASSET_PATHS = "\"WeatherApp/Preview Content\"";
				DEVELOPMENT_TEAM = LM2H3U92WR;
				ENABLE_PREVIEWS = YES;
				GENERATE_INFOPLIST_FILE = YES;
				INFOPLIST_KEY_UIApplicationSceneManifest_Generation = YES;
				INFOPLIST_KEY_UIApplicationSupportsIndirectInputEvents = YES;
				INFOPLIST_KEY_UILaunchScreen_Generation = YES;
				INFOPLIST_KEY_UISupportedInterfaceOrientations_iPad = "UIInterfaceOrientationPortrait UIInterfaceOrientationPortraitUpsideDown UIInterfaceOrientationLandscapeLeft UIInterfaceOrientationLandscapeRight";
				INFOPLIST_KEY_UISupportedInterfaceOrientations_iPhone = "UIInterfaceOrientationPortrait UIInterfaceOrientationLandscapeLeft UIInterfaceOrientationLandscapeRight";
				LD_RUNPATH_SEARCH_PATHS = (
					"$(inherited)",
					"@executable_path/Frameworks",
				);
				MARKETING_VERSION = 1.0;
				PRODUCT_BUNDLE_IDENTIFIER = com.ninja.WeatherApp;
				PRODUCT_NAME = "$(TARGET_NAME)";
				SWIFT_EMIT_LOC_STRINGS = YES;
				SWIFT_VERSION = 5.0;
				TARGETED_DEVICE_FAMILY = "1,2";
			};
			name = Debug;
		};
		18B182B22C174A4C0050FC23 /* Release */ = {
			isa = XCBuildConfiguration;
			buildSettings = {
				ASSETCATALOG_COMPILER_APPICON_NAME = AppIcon;
				ASSETCATALOG_COMPILER_GLOBAL_ACCENT_COLOR_NAME = AccentColor;
				CODE_SIGN_STYLE = Automatic;
				CURRENT_PROJECT_VERSION = 1;
				DEVELOPMENT_ASSET_PATHS = "\"WeatherApp/Preview Content\"";
				DEVELOPMENT_TEAM = LM2H3U92WR;
				ENABLE_PREVIEWS = YES;
				GENERATE_INFOPLIST_FILE = YES;
				INFOPLIST_KEY_UIApplicationSceneManifest_Generation = YES;
				INFOPLIST_KEY_UIApplicationSupportsIndirectInputEvents = YES;
				INFOPLIST_KEY_UILaunchScreen_Generation = YES;
				INFOPLIST_KEY_UISupportedInterfaceOrientations_iPad = "UIInterfaceOrientationPortrait UIInterfaceOrientationPortraitUpsideDown UIInterfaceOrientationLandscapeLeft UIInterfaceOrientationLandscapeRight";
				INFOPLIST_KEY_UISupportedInterfaceOrientations_iPhone = "UIInterfaceOrientationPortrait UIInterfaceOrientationLandscapeLeft UIInterfaceOrientationLandscapeRight";
				LD_RUNPATH_SEARCH_PATHS = (
					"$(inherited)",
					"@executable_path/Frameworks",
				);
				MARKETING_VERSION = 1.0;
				PRODUCT_BUNDLE_IDENTIFIER = com.ninja.WeatherApp;
				PRODUCT_NAME = "$(TARGET_NAME)";
				SWIFT_EMIT_LOC_STRINGS = YES;
				SWIFT_VERSION = 5.0;
				TARGETED_DEVICE_FAMILY = "1,2";
			};
			name = Release;
		};
		18B182B42C174A4C0050FC23 /* Debug */ = {
			isa = XCBuildConfiguration;
			buildSettings = {
				ALWAYS_EMBED_SWIFT_STANDARD_LIBRARIES = YES;
				BUNDLE_LOADER = "$(TEST_HOST)";
				CODE_SIGN_STYLE = Automatic;
				CURRENT_PROJECT_VERSION = 1;
				DEVELOPMENT_TEAM = LM2H3U92WR;
				GENERATE_INFOPLIST_FILE = YES;
				IPHONEOS_DEPLOYMENT_TARGET = 17.0;
				MARKETING_VERSION = 1.0;
				PRODUCT_BUNDLE_IDENTIFIER = com.ninja.WeatherAppTests;
				PRODUCT_NAME = "$(TARGET_NAME)";
				SWIFT_EMIT_LOC_STRINGS = NO;
				SWIFT_VERSION = 5.0;
				TARGETED_DEVICE_FAMILY = "1,2";
				TEST_HOST = "$(BUILT_PRODUCTS_DIR)/WeatherApp.app/$(BUNDLE_EXECUTABLE_FOLDER_PATH)/WeatherApp";
			};
			name = Debug;
		};
		18B182B52C174A4C0050FC23 /* Release */ = {
			isa = XCBuildConfiguration;
			buildSettings = {
				ALWAYS_EMBED_SWIFT_STANDARD_LIBRARIES = YES;
				BUNDLE_LOADER = "$(TEST_HOST)";
				CODE_SIGN_STYLE = Automatic;
				CURRENT_PROJECT_VERSION = 1;
				DEVELOPMENT_TEAM = LM2H3U92WR;
				GENERATE_INFOPLIST_FILE = YES;
				IPHONEOS_DEPLOYMENT_TARGET = 17.0;
				MARKETING_VERSION = 1.0;
				PRODUCT_BUNDLE_IDENTIFIER = com.ninja.WeatherAppTests;
				PRODUCT_NAME = "$(TARGET_NAME)";
				SWIFT_EMIT_LOC_STRINGS = NO;
				SWIFT_VERSION = 5.0;
				TARGETED_DEVICE_FAMILY = "1,2";
				TEST_HOST = "$(BUILT_PRODUCTS_DIR)/WeatherApp.app/$(BUNDLE_EXECUTABLE_FOLDER_PATH)/WeatherApp";
			};
			name = Release;
		};
		18B182B72C174A4C0050FC23 /* Debug */ = {
			isa = XCBuildConfiguration;
			buildSettings = {
				ALWAYS_EMBED_SWIFT_STANDARD_LIBRARIES = YES;
				CODE_SIGN_STYLE = Automatic;
				CURRENT_PROJECT_VERSION = 1;
				DEVELOPMENT_TEAM = LM2H3U92WR;
				GENERATE_INFOPLIST_FILE = YES;
				MARKETING_VERSION = 1.0;
				PRODUCT_BUNDLE_IDENTIFIER = com.ninja.WeatherAppUITests;
				PRODUCT_NAME = "$(TARGET_NAME)";
				SWIFT_EMIT_LOC_STRINGS = NO;
				SWIFT_VERSION = 5.0;
				TARGETED_DEVICE_FAMILY = "1,2";
				TEST_TARGET_NAME = WeatherApp;
			};
			name = Debug;
		};
		18B182B82C174A4C0050FC23 /* Release */ = {
			isa = XCBuildConfiguration;
			buildSettings = {
				ALWAYS_EMBED_SWIFT_STANDARD_LIBRARIES = YES;
				CODE_SIGN_STYLE = Automatic;
				CURRENT_PROJECT_VERSION = 1;
				DEVELOPMENT_TEAM = LM2H3U92WR;
				GENERATE_INFOPLIST_FILE = YES;
				MARKETING_VERSION = 1.0;
				PRODUCT_BUNDLE_IDENTIFIER = com.ninja.WeatherAppUITests;
				PRODUCT_NAME = "$(TARGET_NAME)";
				SWIFT_EMIT_LOC_STRINGS = NO;
				SWIFT_VERSION = 5.0;
				TARGETED_DEVICE_FAMILY = "1,2";
				TEST_TARGET_NAME = WeatherApp;
			};
			name = Release;
		};
/* End XCBuildConfiguration section */

/* Begin XCConfigurationList section */
		18B182872C174A490050FC23 /* Build configuration list for PBXProject "WeatherApp" */ = {
			isa = XCConfigurationList;
			buildConfigurations = (
				18B182AE2C174A4C0050FC23 /* Debug */,
				18B182AF2C174A4C0050FC23 /* Release */,
			);
			defaultConfigurationIsVisible = 0;
			defaultConfigurationName = Release;
		};
		18B182B02C174A4C0050FC23 /* Build configuration list for PBXNativeTarget "WeatherApp" */ = {
			isa = XCConfigurationList;
			buildConfigurations = (
				18B182B12C174A4C0050FC23 /* Debug */,
				18B182B22C174A4C0050FC23 /* Release */,
			);
			defaultConfigurationIsVisible = 0;
			defaultConfigurationName = Release;
		};
		18B182B32C174A4C0050FC23 /* Build configuration list for PBXNativeTarget "WeatherAppTests" */ = {
			isa = XCConfigurationList;
			buildConfigurations = (
				18B182B42C174A4C0050FC23 /* Debug */,
				18B182B52C174A4C0050FC23 /* Release */,
			);
			defaultConfigurationIsVisible = 0;
			defaultConfigurationName = Release;
		};
		18B182B62C174A4C0050FC23 /* Build configuration list for PBXNativeTarget "WeatherAppUITests" */ = {
			isa = XCConfigurationList;
			buildConfigurations = (
				18B182B72C174A4C0050FC23 /* Debug */,
				18B182B82C174A4C0050FC23 /* Release */,
			);
			defaultConfigurationIsVisible = 0;
			defaultConfigurationName = Release;
		};
/* End XCConfigurationList section */

/* Begin XCRemoteSwiftPackageReference section */
		18825D692C181ED500904662 /* XCRemoteSwiftPackageReference "sdk" */ = {
			isa = XCRemoteSwiftPackageReference;
			repositoryURL = "https://github.com/open-meteo/sdk.git";
			requirement = {
				branch = main;
				kind = branch;
			};
		};
/* End XCRemoteSwiftPackageReference section */

/* Begin XCSwiftPackageProductDependency section */
		18825D6A2C181ED500904662 /* OpenMeteoSdk */ = {
			isa = XCSwiftPackageProductDependency;
			package = 18825D692C181ED500904662 /* XCRemoteSwiftPackageReference "sdk" */;
			productName = OpenMeteoSdk;
		};
/* End XCSwiftPackageProductDependency section */
	};
	rootObject = 18B182842C174A490050FC23 /* Project object */;
}
