{
  "pins" : [
    {
      "identity" : "flatbuffers",
      "kind" : "remoteSourceControl",
      "location" : "https://github.com/google/flatbuffers.git",
      "state" : {
        "revision" : "595bf0007ab1929570c7671f091313c8fc20644e",
        "version" : "24.3.25"
      }
    },
    {
      "identity" : "sdk",
      "kind" : "remoteSourceControl",
      "location" : "https://github.com/open-meteo/sdk.git",
      "state" : {
        "branch" : "main",
        "revision" : "04f384fbebde8ad2c16d2f42f879e103bf0ee3fb"
      }
    }
  ],
  "version" : 2
}
